
Microsoft Visual Studio Solution File, Format Version 12.00
# Visual Studio Version 17
VisualStudioVersion = 17.14.36623.8 d17.14
MinimumVisualStudioVersion = 10.0.40219.1
Project("{FAE04EC0-301F-11D3-BF4B-00C04F79EFBC}") = "HP gun", "HP gun\HP gun.csproj", "{FA3C414B-B938-4E73-AD59-45AAB19853C9}"
EndProject
Global
	GlobalSection(SolutionConfigurationPlatforms) = preSolution
		Debug|Any CPU = Debug|Any CPU
		Release|Any CPU = Release|Any CPU
	EndGlobalSection
	GlobalSection(ProjectConfigurationPlatforms) = postSolution
		{FA3C414B-B938-4E73-AD59-45AAB19853C9}.Debug|Any CPU.ActiveCfg = Debug|Any CPU
		{FA3C414B-B938-4E73-AD59-45AAB19853C9}.Debug|Any CPU.Build.0 = Debug|Any CPU
		{FA3C414B-B938-4E73-AD59-45AAB19853C9}.Release|Any CPU.ActiveCfg = Release|Any CPU
		{FA3C414B-B938-4E73-AD59-45AAB19853C9}.Release|Any CPU.Build.0 = Release|Any CPU
	EndGlobalSection
	GlobalSection(SolutionProperties) = preSolution
		HideSolutionNode = FALSE
	EndGlobalSection
	GlobalSection(ExtensibilityGlobals) = postSolution
		SolutionGuid = {A545335B-838F-420B-AB34-DBCBDFDEBE04}
	EndGlobalSection
EndGlobal
